
Microsoft Visual Studio Solution File, Format Version 12.00
# Visual Studio Version 17
VisualStudioVersion = 17.3.32901.215
MinimumVisualStudioVersion = 10.0.40219.1
Project("{FAE04EC0-301F-11D3-BF4B-00C04F79EFBC}") = "toTrenary", "toTrenary\toTrenary.csproj", "{011CA7F5-A674-4F43-A0D4-6ACB68F36E8B}"
EndProject
Global
	GlobalSection(SolutionConfigurationPlatforms) = preSolution
		Debug|Any CPU = Debug|Any CPU
		Release|Any CPU = Release|Any CPU
	EndGlobalSection
	GlobalSection(ProjectConfigurationPlatforms) = postSolution
		{011CA7F5-A674-4F43-A0D4-6ACB68F36E8B}.Debug|Any CPU.ActiveCfg = Debug|Any CPU
		{011CA7F5-A674-4F43-A0D4-6ACB68F36E8B}.Debug|Any CPU.Build.0 = Debug|Any CPU
		{011CA7F5-A674-4F43-A0D4-6ACB68F36E8B}.Release|Any CPU.ActiveCfg = Release|Any CPU
		{011CA7F5-A674-4F43-A0D4-6ACB68F36E8B}.Release|Any CPU.Build.0 = Release|Any CPU
	EndGlobalSection
	GlobalSection(SolutionProperties) = preSolution
		HideSolutionNode = FALSE
	EndGlobalSection
	GlobalSection(ExtensibilityGlobals) = postSolution
		SolutionGuid = {67A5DEFF-F6C5-4291-83AA-A9356078159E}
	EndGlobalSection
EndGlobal
